
Microsoft Visual Studio Solution File, Format Version 12.00
# Visual Studio Version 16
VisualStudioVersion = 16.0.30804.86
MinimumVisualStudioVersion = 10.0.40219.1
Project("{888888A0-9F3D-457C-B088-3A5042F75D52}") = "Python_Flatiron_DataScience_BarbaraAnn", "Python_Flatiron_DataScience_BarbaraAnn\Python_Flatiron_DataScience_BarbaraAnn.pyproj", "{D7AE19C1-CB15-4FA4-8BB3-4F30FBBE168B}"
EndProject
Global
	GlobalSection(SolutionConfigurationPlatforms) = preSolution
		Debug|Any CPU = Debug|Any CPU
		Release|Any CPU = Release|Any CPU
	EndGlobalSection
	GlobalSection(ProjectConfigurationPlatforms) = postSolution
		{D7AE19C1-CB15-4FA4-8BB3-4F30FBBE168B}.Debug|Any CPU.ActiveCfg = Debug|Any CPU
		{D7AE19C1-CB15-4FA4-8BB3-4F30FBBE168B}.Release|Any CPU.ActiveCfg = Release|Any CPU
	EndGlobalSection
	GlobalSection(SolutionProperties) = preSolution
		HideSolutionNode = FALSE
	EndGlobalSection
	GlobalSection(ExtensibilityGlobals) = postSolution
		SolutionGuid = {D6EA358B-CA8D-4985-914D-65DA2F18EEB8}
	EndGlobalSection
EndGlobal
